# THIS IS AN AUTOGENERATED FILE. DO NOT EDIT THIS FILE DIRECTLY.
# yarn lockfile v1


"@sach1/dahlia@^1.0.7":
  version "1.0.7"
  resolved "https://registry.yarnpkg.com/@sach1/dahlia/-/dahlia-1.0.7.tgz#0decef074737204750faeb56e3f3f6a919a8c6b0"
  integrity sha512-tgq4UldqlQh3b+cdvLd3mWWMQ+8sYqjPfa1RuqLkvh3A0ioQE+aXe+DbK8cy/Pm10AwmLsIWr/zbbAb73rkYkw==
  dependencies:
    yaml "^1.10.0"

"@types/node@^18.0.0":
  version "18.0.0"
  resolved "https://registry.yarnpkg.com/@types/node/-/node-18.0.0.tgz#67c7b724e1bcdd7a8821ce0d5ee184d3b4dd525a"
  integrity sha512-cHlGmko4gWLVI27cGJntjs/Sj8th9aYwplmZFwmmgYQQvL5NUsgVJG7OddLvNfLqYS31KFN0s3qlaD9qCaxACA==

dot-prop@7.0.0:
  version "7.0.0"
  resolved "https://registry.yarnpkg.com/dot-prop/-/dot-prop-7.0.0.tgz#3939ec2f37f445b729f8769075d3a7888ccc3680"
  integrity sha512-GD9mHUsKiACS+U6Vqq8V1q6uR+7/5dQB+iQUyCkT0hKSEtX3hPcswUjYTyAGUuovvJsosBrCYmtjkCgi1gRLyQ==
  dependencies:
    type-fest "^2.10.0"

type-fest@^2.10.0:
  version "2.15.1"
  resolved "https://registry.yarnpkg.com/type-fest/-/type-fest-2.15.1.tgz#ad596982d50c157f7e981307c21c3983970e4e77"
  integrity sha512-LYSjcIz3NmoQksXq/3/B7Nfad+T8mkaI628agAAnHCpXPTBRMK2ygt3eABpzII8CbZZM8dLdVQ4Gr8ousjFjMw==

yaml@^1.10.0:
  version "1.10.2"
  resolved "https://registry.yarnpkg.com/yaml/-/yaml-1.10.2.tgz#2301c5ffbf12b467de8da2333a459e29e7920e4b"
  integrity sha512-r3vXyErRCYJ7wg28yvBY5VSoAF8ZvlcW9/BwUzEtUsjvX/DKs24dIkuwjtuprwJJHsbyUbLApepYTR1BN4uHrg==
